{
  "name": "structurizr-typescript",
  "version": "0.0.1",
  "lockfileVersion": 1,
  "requires": true,
  "dependencies": {
    "tsc": {
      "version": "1.20150623.0",
      "resolved": "https://registry.npmjs.org/tsc/-/tsc-1.20150623.0.tgz",
      "integrity": "sha1-Trw8d04WkUjLx2inNCUz8ILHpuU=",
      "dev": true
    },
    "typescript": {
      "version": "3.4.1",
      "resolved": "https://registry.npmjs.org/typescript/-/typescript-3.4.1.tgz",
      "integrity": "sha512-3NSMb2VzDQm8oBTLH6Nj55VVtUEpe/rgkIzMir0qVoLyjDZlnMBva0U6vDiV3IH+sl/Yu6oP5QwsAQtHPmDd2Q==",
      "dev": true
    }
  }
}
