{
  "name": "structurizr-typescript-sample",
  "version": "1.0.0",
  "lockfileVersion": 1,
  "requires": true,
  "dependencies": {
    "@types/node": {
      "version": "11.13.10",
      "resolved": "https://registry.npmjs.org/@types/node/-/node-11.13.10.tgz",
      "integrity": "sha512-leUNzbFTMX94TWaIKz8N15Chu55F9QSH+INKayQr5xpkasBQBRF3qQXfo3/dOnMU/dEIit+Y/SU8HyOjq++GwA==",
      "dev": true
    },
    "crypto-js": {
      "version": "3.1.9-1",
      "resolved": "https://registry.npmjs.org/crypto-js/-/crypto-js-3.1.9-1.tgz",
      "integrity": "sha1-/aGedh/Ad+Af+/3G6f38WeiAbNg="
    },
    "structurizr-typescript": {
      "version": "1.0.8",
      "resolved": "https://registry.npmjs.org/structurizr-typescript/-/structurizr-typescript-1.0.8.tgz",
      "integrity": "sha512-FQRw9k+LGmqLLoYRkoc1DUfA58eK+om1s5kgI88gGQacAYOpjRU4SQqTj/V6WU76akERv9UEhjebOIF1o9ziHA==",
      "requires": {
        "crypto-js": "3.1.9-1"
      }
    },
    "typescript": {
      "version": "3.7.3",
      "resolved": "https://registry.npmjs.org/typescript/-/typescript-3.7.3.tgz",
      "integrity": "sha512-Mcr/Qk7hXqFBXMN7p7Lusj1ktCBydylfQM/FZCk5glCNQJrCUKPkMHdo9R0MTFWsC/4kPFvDS0fDPvukfCkFsw==",
      "dev": true
    }
  }
}
