{
  "name": "structurizr-typescript",
  "version": "0.0.1",
  "lockfileVersion": 1,
  "requires": true,
  "dependencies": {
    "@types/crypto-js": {
      "version": "3.1.43",
      "resolved": "https://registry.npmjs.org/@types/crypto-js/-/crypto-js-3.1.43.tgz",
      "integrity": "sha512-EHe/YKctU3IYNBsDmSOPX/7jLHPRlx8WaiDKSY9JCTnJ8XJeM4c0ZJvx+9Gxmr2s2ihI92R+3U/gNL1sq5oRuQ=="
    },
    "@types/node": {
      "version": "11.13.2",
      "resolved": "https://registry.npmjs.org/@types/node/-/node-11.13.2.tgz",
      "integrity": "sha512-HOtU5KqROKT7qX/itKHuTtt5fV0iXbheQvrgbLNXFJQBY/eh+VS5vmmTAVlo3qIGMsypm0G4N1t2AXjy1ZicaQ==",
      "dev": true
    },
    "crypto-js": {
      "version": "3.1.9-1",
      "resolved": "https://registry.npmjs.org/crypto-js/-/crypto-js-3.1.9-1.tgz",
      "integrity": "sha1-/aGedh/Ad+Af+/3G6f38WeiAbNg="
    },
    "tsc": {
      "version": "1.20150623.0",
      "resolved": "https://registry.npmjs.org/tsc/-/tsc-1.20150623.0.tgz",
      "integrity": "sha1-Trw8d04WkUjLx2inNCUz8ILHpuU=",
      "dev": true
    },
    "typescript": {
      "version": "3.4.1",
      "resolved": "https://registry.npmjs.org/typescript/-/typescript-3.4.1.tgz",
      "integrity": "sha512-3NSMb2VzDQm8oBTLH6Nj55VVtUEpe/rgkIzMir0qVoLyjDZlnMBva0U6vDiV3IH+sl/Yu6oP5QwsAQtHPmDd2Q==",
      "dev": true
    }
  }
}
